
Microsoft Visual Studio Solution File, Format Version 12.00
# Visual Studio Version 17
VisualStudioVersion = 17.3.32929.385
MinimumVisualStudioVersion = 10.0.40219.1
Project("{9A19103F-16F7-4668-BE54-9A1E7A4F7556}") = "DataLayer", "DataLayer\DataLayer.csproj", "{16311980-7E35-45C9-9D6C-1459CAFE6FB6}"
EndProject
Project("{FAE04EC0-301F-11D3-BF4B-00C04F79EFBC}") = "WebServer", "WebServer\WebServer.csproj", "{E62B170A-C367-4C22-8FEB-45B542A604B7}"
EndProject
Global
	GlobalSection(SolutionConfigurationPlatforms) = preSolution
		Debug|Any CPU = Debug|Any CPU
		Release|Any CPU = Release|Any CPU
	EndGlobalSection
	GlobalSection(ProjectConfigurationPlatforms) = postSolution
		{16311980-7E35-45C9-9D6C-1459CAFE6FB6}.Debug|Any CPU.ActiveCfg = Debug|Any CPU
		{16311980-7E35-45C9-9D6C-1459CAFE6FB6}.Debug|Any CPU.Build.0 = Debug|Any CPU
		{16311980-7E35-45C9-9D6C-1459CAFE6FB6}.Release|Any CPU.ActiveCfg = Release|Any CPU
		{16311980-7E35-45C9-9D6C-1459CAFE6FB6}.Release|Any CPU.Build.0 = Release|Any CPU
		{E62B170A-C367-4C22-8FEB-45B542A604B7}.Debug|Any CPU.ActiveCfg = Debug|Any CPU
		{E62B170A-C367-4C22-8FEB-45B542A604B7}.Debug|Any CPU.Build.0 = Debug|Any CPU
		{E62B170A-C367-4C22-8FEB-45B542A604B7}.Release|Any CPU.ActiveCfg = Release|Any CPU
		{E62B170A-C367-4C22-8FEB-45B542A604B7}.Release|Any CPU.Build.0 = Release|Any CPU
	EndGlobalSection
	GlobalSection(SolutionProperties) = preSolution
		HideSolutionNode = FALSE
	EndGlobalSection
	GlobalSection(ExtensibilityGlobals) = postSolution
		SolutionGuid = {9232771F-D3A1-45A7-ADA7-6168FD47DFAE}
	EndGlobalSection
EndGlobal
